
Microsoft Visual Studio Solution File, Format Version 12.00
# Visual Studio Version 17
VisualStudioVersion = 17.9.34723.18
MinimumVisualStudioVersion = 10.0.40219.1
Project("{FAE04EC0-301F-11D3-BF4B-00C04F79EFBC}") = "7777", "7777\7777.csproj", "{CF193151-4083-4A36-92C1-00CBB37C8AAF}"
EndProject
Global
	GlobalSection(SolutionConfigurationPlatforms) = preSolution
		Debug|Any CPU = Debug|Any CPU
		Release|Any CPU = Release|Any CPU
	EndGlobalSection
	GlobalSection(ProjectConfigurationPlatforms) = postSolution
		{CF193151-4083-4A36-92C1-00CBB37C8AAF}.Debug|Any CPU.ActiveCfg = Debug|Any CPU
		{CF193151-4083-4A36-92C1-00CBB37C8AAF}.Debug|Any CPU.Build.0 = Debug|Any CPU
		{CF193151-4083-4A36-92C1-00CBB37C8AAF}.Release|Any CPU.ActiveCfg = Release|Any CPU
		{CF193151-4083-4A36-92C1-00CBB37C8AAF}.Release|Any CPU.Build.0 = Release|Any CPU
	EndGlobalSection
	GlobalSection(SolutionProperties) = preSolution
		HideSolutionNode = FALSE
	EndGlobalSection
	GlobalSection(ExtensibilityGlobals) = postSolution
		SolutionGuid = {D069BC14-CDAC-478F-8FA2-2D1C2C10520E}
	EndGlobalSection
EndGlobal
