
Microsoft Visual Studio Solution File, Format Version 12.00
# Visual Studio Version 17
VisualStudioVersion = 17.9.34723.18
MinimumVisualStudioVersion = 10.0.40219.1
Project("{FAE04EC0-301F-11D3-BF4B-00C04F79EFBC}") = "мура", "мура\мура.csproj", "{D9C1B71A-24FD-466F-A661-751BC3BE9139}"
EndProject
Global
	GlobalSection(SolutionConfigurationPlatforms) = preSolution
		Debug|Any CPU = Debug|Any CPU
		Release|Any CPU = Release|Any CPU
	EndGlobalSection
	GlobalSection(ProjectConfigurationPlatforms) = postSolution
		{D9C1B71A-24FD-466F-A661-751BC3BE9139}.Debug|Any CPU.ActiveCfg = Debug|Any CPU
		{D9C1B71A-24FD-466F-A661-751BC3BE9139}.Debug|Any CPU.Build.0 = Debug|Any CPU
		{D9C1B71A-24FD-466F-A661-751BC3BE9139}.Release|Any CPU.ActiveCfg = Release|Any CPU
		{D9C1B71A-24FD-466F-A661-751BC3BE9139}.Release|Any CPU.Build.0 = Release|Any CPU
	EndGlobalSection
	GlobalSection(SolutionProperties) = preSolution
		HideSolutionNode = FALSE
	EndGlobalSection
	GlobalSection(ExtensibilityGlobals) = postSolution
		SolutionGuid = {8164C90E-FA31-43F4-99CB-94F9CB80D75C}
	EndGlobalSection
EndGlobal
