
Microsoft Visual Studio Solution File, Format Version 12.00
# Visual Studio Version 17
VisualStudioVersion = 17.9.34723.18
MinimumVisualStudioVersion = 10.0.40219.1
Project("{FAE04EC0-301F-11D3-BF4B-00C04F79EFBC}") = "BunkerVutile077", "BunkerVutile077\BunkerVutile077.csproj", "{FCD94E6F-3603-4434-BBE3-644F039BF099}"
EndProject
Global
	GlobalSection(SolutionConfigurationPlatforms) = preSolution
		Debug|Any CPU = Debug|Any CPU
		Release|Any CPU = Release|Any CPU
	EndGlobalSection
	GlobalSection(ProjectConfigurationPlatforms) = postSolution
		{FCD94E6F-3603-4434-BBE3-644F039BF099}.Debug|Any CPU.ActiveCfg = Debug|Any CPU
		{FCD94E6F-3603-4434-BBE3-644F039BF099}.Debug|Any CPU.Build.0 = Debug|Any CPU
		{FCD94E6F-3603-4434-BBE3-644F039BF099}.Release|Any CPU.ActiveCfg = Release|Any CPU
		{FCD94E6F-3603-4434-BBE3-644F039BF099}.Release|Any CPU.Build.0 = Release|Any CPU
	EndGlobalSection
	GlobalSection(SolutionProperties) = preSolution
		HideSolutionNode = FALSE
	EndGlobalSection
	GlobalSection(ExtensibilityGlobals) = postSolution
		SolutionGuid = {18CCE2EF-BFD0-4DE5-B900-A5023F3578BE}
	EndGlobalSection
EndGlobal
